
Microsoft Visual Studio Solution File, Format Version 12.00
# Visual Studio 14
VisualStudioVersion = 14.0.24720.0
MinimumVisualStudioVersion = 10.0.40219.1
Project("{2150E333-8FDC-42A3-9474-1A3956D46DE8}") = "Solution Items", "Solution Items", "{29BA36AF-1E62-473C-A117-CD28BEA35049}"
	ProjectSection(SolutionItems) = preProject
		LICENSE.md = LICENSE.md
		READM.md = READM.md
	EndProjectSection
EndProject
Project("{2150E333-8FDC-42A3-9474-1A3956D46DE8}") = "Core", "Core", "{E133A4FC-883B-4881-BD3E-F1EED00194A4}"
EndProject
Project("{2150E333-8FDC-42A3-9474-1A3956D46DE8}") = "Samples", "Samples", "{905F79FF-19EB-48FB-AC34-C2C30F1DD2C6}"
EndProject
Project("{FAE04EC0-301F-11D3-BF4B-00C04F79EFBC}") = "FirstImpl", "Samples\FirstImpl\FirstImpl.csproj", "{6F6DB265-1819-4367-8AC4-600583405670}"
EndProject
Project("{FAE04EC0-301F-11D3-BF4B-00C04F79EFBC}") = "SecondImpl", "Samples\SecondImpl\SecondImpl.csproj", "{1FC156FA-F12D-4892-B7D5-9E12EE7C31B4}"
EndProject
Project("{FAE04EC0-301F-11D3-BF4B-00C04F79EFBC}") = "NoDowntime", "Core\NoDowntime\NoDowntime.csproj", "{AC855FE6-4727-46F0-85DA-9E2B595DD789}"
EndProject
Project("{FAE04EC0-301F-11D3-BF4B-00C04F79EFBC}") = "Connector", "Core\Connector\Connector.csproj", "{336E1303-6455-4724-A98D-825DAE662970}"
EndProject
Project("{FAE04EC0-301F-11D3-BF4B-00C04F79EFBC}") = "SingleRecycleConsole", "Samples\SingleRecycleConsole\SingleRecycleConsole.csproj", "{3D4B3D52-E68D-4516-960F-164ED3F50AE7}"
EndProject
Project("{FAE04EC0-301F-11D3-BF4B-00C04F79EFBC}") = "Recyclers", "Samples\FileSystemRecycler\Recyclers.csproj", "{5934D8D0-64C3-4106-AA27-79E6476018CE}"
EndProject
Project("{FAE04EC0-301F-11D3-BF4B-00C04F79EFBC}") = "ImplCommon", "Samples\ImplCommon\ImplCommon.csproj", "{3E6ECA08-B6AE-467F-BB4E-8BF8BEB67F4E}"
EndProject
Global
	GlobalSection(SolutionConfigurationPlatforms) = preSolution
		Debug|Any CPU = Debug|Any CPU
		Release|Any CPU = Release|Any CPU
	EndGlobalSection
	GlobalSection(ProjectConfigurationPlatforms) = postSolution
		{6F6DB265-1819-4367-8AC4-600583405670}.Debug|Any CPU.ActiveCfg = Debug|Any CPU
		{6F6DB265-1819-4367-8AC4-600583405670}.Debug|Any CPU.Build.0 = Debug|Any CPU
		{6F6DB265-1819-4367-8AC4-600583405670}.Release|Any CPU.ActiveCfg = Release|Any CPU
		{6F6DB265-1819-4367-8AC4-600583405670}.Release|Any CPU.Build.0 = Release|Any CPU
		{1FC156FA-F12D-4892-B7D5-9E12EE7C31B4}.Debug|Any CPU.ActiveCfg = Debug|Any CPU
		{1FC156FA-F12D-4892-B7D5-9E12EE7C31B4}.Debug|Any CPU.Build.0 = Debug|Any CPU
		{1FC156FA-F12D-4892-B7D5-9E12EE7C31B4}.Release|Any CPU.ActiveCfg = Release|Any CPU
		{1FC156FA-F12D-4892-B7D5-9E12EE7C31B4}.Release|Any CPU.Build.0 = Release|Any CPU
		{AC855FE6-4727-46F0-85DA-9E2B595DD789}.Debug|Any CPU.ActiveCfg = Debug|Any CPU
		{AC855FE6-4727-46F0-85DA-9E2B595DD789}.Debug|Any CPU.Build.0 = Debug|Any CPU
		{AC855FE6-4727-46F0-85DA-9E2B595DD789}.Release|Any CPU.ActiveCfg = Release|Any CPU
		{AC855FE6-4727-46F0-85DA-9E2B595DD789}.Release|Any CPU.Build.0 = Release|Any CPU
		{336E1303-6455-4724-A98D-825DAE662970}.Debug|Any CPU.ActiveCfg = Debug|Any CPU
		{336E1303-6455-4724-A98D-825DAE662970}.Debug|Any CPU.Build.0 = Debug|Any CPU
		{336E1303-6455-4724-A98D-825DAE662970}.Release|Any CPU.ActiveCfg = Release|Any CPU
		{336E1303-6455-4724-A98D-825DAE662970}.Release|Any CPU.Build.0 = Release|Any CPU
		{3D4B3D52-E68D-4516-960F-164ED3F50AE7}.Debug|Any CPU.ActiveCfg = Debug|Any CPU
		{3D4B3D52-E68D-4516-960F-164ED3F50AE7}.Debug|Any CPU.Build.0 = Debug|Any CPU
		{3D4B3D52-E68D-4516-960F-164ED3F50AE7}.Release|Any CPU.ActiveCfg = Release|Any CPU
		{3D4B3D52-E68D-4516-960F-164ED3F50AE7}.Release|Any CPU.Build.0 = Release|Any CPU
		{5934D8D0-64C3-4106-AA27-79E6476018CE}.Debug|Any CPU.ActiveCfg = Debug|Any CPU
		{5934D8D0-64C3-4106-AA27-79E6476018CE}.Debug|Any CPU.Build.0 = Debug|Any CPU
		{5934D8D0-64C3-4106-AA27-79E6476018CE}.Release|Any CPU.ActiveCfg = Release|Any CPU
		{5934D8D0-64C3-4106-AA27-79E6476018CE}.Release|Any CPU.Build.0 = Release|Any CPU
		{3E6ECA08-B6AE-467F-BB4E-8BF8BEB67F4E}.Debug|Any CPU.ActiveCfg = Debug|Any CPU
		{3E6ECA08-B6AE-467F-BB4E-8BF8BEB67F4E}.Debug|Any CPU.Build.0 = Debug|Any CPU
		{3E6ECA08-B6AE-467F-BB4E-8BF8BEB67F4E}.Release|Any CPU.ActiveCfg = Release|Any CPU
		{3E6ECA08-B6AE-467F-BB4E-8BF8BEB67F4E}.Release|Any CPU.Build.0 = Release|Any CPU
	EndGlobalSection
	GlobalSection(SolutionProperties) = preSolution
		HideSolutionNode = FALSE
	EndGlobalSection
	GlobalSection(NestedProjects) = preSolution
		{6F6DB265-1819-4367-8AC4-600583405670} = {905F79FF-19EB-48FB-AC34-C2C30F1DD2C6}
		{1FC156FA-F12D-4892-B7D5-9E12EE7C31B4} = {905F79FF-19EB-48FB-AC34-C2C30F1DD2C6}
		{AC855FE6-4727-46F0-85DA-9E2B595DD789} = {E133A4FC-883B-4881-BD3E-F1EED00194A4}
		{336E1303-6455-4724-A98D-825DAE662970} = {E133A4FC-883B-4881-BD3E-F1EED00194A4}
		{3D4B3D52-E68D-4516-960F-164ED3F50AE7} = {905F79FF-19EB-48FB-AC34-C2C30F1DD2C6}
		{5934D8D0-64C3-4106-AA27-79E6476018CE} = {905F79FF-19EB-48FB-AC34-C2C30F1DD2C6}
		{3E6ECA08-B6AE-467F-BB4E-8BF8BEB67F4E} = {905F79FF-19EB-48FB-AC34-C2C30F1DD2C6}
	EndGlobalSection
EndGlobal
